
Microsoft Visual Studio Solution File, Format Version 12.00
Project("{FAE04EC0-301F-11D3-BF4B-00C04F79EFBC}") = "RedisTests", "RedisTests\RedisTests.csproj", "{C72C1359-DBC0-484E-B66F-BC340C31D08D}"
EndProject
Project("{FAE04EC0-301F-11D3-BF4B-00C04F79EFBC}") = "DynamoDBTests", "DynamoDBTests\DynamoDBTests.csproj", "{F4BEE532-96D9-41CA-B1CD-10744A1E7A47}"
EndProject
Project("{FAE04EC0-301F-11D3-BF4B-00C04F79EFBC}") = "Common", "Common\Common.csproj", "{B7157E20-A847-45C5-896F-0DDD2314625B}"
EndProject
Global
	GlobalSection(SolutionConfigurationPlatforms) = preSolution
		Debug|Any CPU = Debug|Any CPU
		Release|Any CPU = Release|Any CPU
	EndGlobalSection
	GlobalSection(ProjectConfigurationPlatforms) = postSolution
		{C72C1359-DBC0-484E-B66F-BC340C31D08D}.Debug|Any CPU.ActiveCfg = Debug|Any CPU
		{C72C1359-DBC0-484E-B66F-BC340C31D08D}.Debug|Any CPU.Build.0 = Debug|Any CPU
		{C72C1359-DBC0-484E-B66F-BC340C31D08D}.Release|Any CPU.ActiveCfg = Release|Any CPU
		{C72C1359-DBC0-484E-B66F-BC340C31D08D}.Release|Any CPU.Build.0 = Release|Any CPU
		{F4BEE532-96D9-41CA-B1CD-10744A1E7A47}.Debug|Any CPU.ActiveCfg = Debug|Any CPU
		{F4BEE532-96D9-41CA-B1CD-10744A1E7A47}.Debug|Any CPU.Build.0 = Debug|Any CPU
		{F4BEE532-96D9-41CA-B1CD-10744A1E7A47}.Release|Any CPU.ActiveCfg = Release|Any CPU
		{F4BEE532-96D9-41CA-B1CD-10744A1E7A47}.Release|Any CPU.Build.0 = Release|Any CPU
		{B7157E20-A847-45C5-896F-0DDD2314625B}.Debug|Any CPU.ActiveCfg = Debug|Any CPU
		{B7157E20-A847-45C5-896F-0DDD2314625B}.Debug|Any CPU.Build.0 = Debug|Any CPU
		{B7157E20-A847-45C5-896F-0DDD2314625B}.Release|Any CPU.ActiveCfg = Release|Any CPU
		{B7157E20-A847-45C5-896F-0DDD2314625B}.Release|Any CPU.Build.0 = Release|Any CPU
	EndGlobalSection
EndGlobal
